{
  "name": "kitty-cakes",
  "lockfileVersion": 2,
  "requires": true,
  "packages": {
    "": {
      "dependencies": {
        "in-memory-database": "^1.0.1"
      }
    },
    "node_modules/in-memory-database": {
      "version": "1.0.1",
      "resolved": "https://registry.npmjs.org/in-memory-database/-/in-memory-database-1.0.1.tgz",
      "integrity": "sha512-4jtCszDfAEVcJXX+9VLxz9UDikKz4cNwM+R8t8zhc/WcOSw5SZDltyCaPQ7vS7Ww5q9JMsnUENY2QcfCfRIiDA=="
    }
  },
  "dependencies": {
    "in-memory-database": {
      "version": "1.0.1",
      "resolved": "https://registry.npmjs.org/in-memory-database/-/in-memory-database-1.0.1.tgz",
      "integrity": "sha512-4jtCszDfAEVcJXX+9VLxz9UDikKz4cNwM+R8t8zhc/WcOSw5SZDltyCaPQ7vS7Ww5q9JMsnUENY2QcfCfRIiDA=="
    }
  }
}
